
Microsoft Visual Studio Solution File, Format Version 12.00
# Visual Studio Version 17
VisualStudioVersion = 17.10.35013.160
MinimumVisualStudioVersion = 10.0.40219.1
Project("{FAE04EC0-301F-11D3-BF4B-00C04F79EFBC}") = "Gestion_parcelle", "Gestion_parcelle\Gestion_parcelle.csproj", "{1A8DF303-DD0D-4ED6-83D3-85FA3F32A18B}"
EndProject
Global
	GlobalSection(SolutionConfigurationPlatforms) = preSolution
		Debug|Any CPU = Debug|Any CPU
		Release|Any CPU = Release|Any CPU
	EndGlobalSection
	GlobalSection(ProjectConfigurationPlatforms) = postSolution
		{1A8DF303-DD0D-4ED6-83D3-85FA3F32A18B}.Debug|Any CPU.ActiveCfg = Debug|Any CPU
		{1A8DF303-DD0D-4ED6-83D3-85FA3F32A18B}.Debug|Any CPU.Build.0 = Debug|Any CPU
		{1A8DF303-DD0D-4ED6-83D3-85FA3F32A18B}.Release|Any CPU.ActiveCfg = Release|Any CPU
		{1A8DF303-DD0D-4ED6-83D3-85FA3F32A18B}.Release|Any CPU.Build.0 = Release|Any CPU
	EndGlobalSection
	GlobalSection(SolutionProperties) = preSolution
		HideSolutionNode = FALSE
	EndGlobalSection
	GlobalSection(ExtensibilityGlobals) = postSolution
		SolutionGuid = {A449B6F1-2E1B-4915-9046-F93404AEBCBD}
	EndGlobalSection
EndGlobal
